Microsoft Visual Studio Solution File, Format Version 12.00
# Visual Studio Version 17
VisualStudioVersion = 17.0.31611.283
MinimumVisualStudioVersion = 10.0.40219.1
Project("{2150E333-8FDC-42A3-9474-1A3956D46DE8}") = "src", "src", "{565A03D7-3049-422E-9F9A-6BBF2383ABBF}"
EndProject
Project("{2150E333-8FDC-42A3-9474-1A3956D46DE8}") = "tests", "tests", "{42A2200F-123C-4130-8E2F-CECDF9765158}"
EndProject
Project("{9A19103F-16F7-4668-BE54-9A1E7A4F7556}") = "MultiDiary.Tests", "tests\MultiDiary.Tests.csproj", "{7610E48C-AE3F-404D-B888-B74B4C7E6F09}"
EndProject
Project("{2150E333-8FDC-42A3-9474-1A3956D46DE8}") = "root", "root", "{98ADE27F-EADD-4171-B94A-6EEC6EB0DA00}"
	ProjectSection(SolutionItems) = preProject
		.gitignore = .gitignore
		LICENSE = LICENSE
		README.md = README.md
	EndProjectSection
EndProject
Project("{9A19103F-16F7-4668-BE54-9A1E7A4F7556}") = "MultiDiary", "src\MultiDiary.csproj", "{7125F13C-F371-482E-AD87-CFABDEE0B3B9}"
EndProject
Global
	GlobalSection(SolutionConfigurationPlatforms) = preSolution
		Debug|Any CPU = Debug|Any CPU
		Release|Any CPU = Release|Any CPU
	EndGlobalSection
	GlobalSection(ProjectConfigurationPlatforms) = postSolution
		{7610E48C-AE3F-404D-B888-B74B4C7E6F09}.Debug|Any CPU.ActiveCfg = Debug|Any CPU
		{7610E48C-AE3F-404D-B888-B74B4C7E6F09}.Debug|Any CPU.Build.0 = Debug|Any CPU
		{7610E48C-AE3F-404D-B888-B74B4C7E6F09}.Release|Any CPU.ActiveCfg = Release|Any CPU
		{7610E48C-AE3F-404D-B888-B74B4C7E6F09}.Release|Any CPU.Build.0 = Release|Any CPU
		{7125F13C-F371-482E-AD87-CFABDEE0B3B9}.Debug|Any CPU.ActiveCfg = Debug|Any CPU
		{7125F13C-F371-482E-AD87-CFABDEE0B3B9}.Debug|Any CPU.Build.0 = Debug|Any CPU
		{7125F13C-F371-482E-AD87-CFABDEE0B3B9}.Debug|Any CPU.Deploy.0 = Debug|Any CPU
		{7125F13C-F371-482E-AD87-CFABDEE0B3B9}.Release|Any CPU.ActiveCfg = Release|Any CPU
		{7125F13C-F371-482E-AD87-CFABDEE0B3B9}.Release|Any CPU.Build.0 = Release|Any CPU
		{7125F13C-F371-482E-AD87-CFABDEE0B3B9}.Release|Any CPU.Deploy.0 = Release|Any CPU
	EndGlobalSection
	GlobalSection(SolutionProperties) = preSolution
		HideSolutionNode = FALSE
	EndGlobalSection
	GlobalSection(NestedProjects) = preSolution
		{7610E48C-AE3F-404D-B888-B74B4C7E6F09} = {42A2200F-123C-4130-8E2F-CECDF9765158}
		{7125F13C-F371-482E-AD87-CFABDEE0B3B9} = {565A03D7-3049-422E-9F9A-6BBF2383ABBF}
	EndGlobalSection
	GlobalSection(ExtensibilityGlobals) = postSolution
		SolutionGuid = {D64A10E3-F6B0-4A5D-9B30-181BC8CDFBE6}
	EndGlobalSection
EndGlobal
